PODS:
  - Alamofire (5.2.1)
  - JGProgressHUD (2.1)
  - Moya (14.0.0):
    - Moya/Core (= 14.0.0)
  - Moya/Core (14.0.0):
    - Alamofire (~> 5.0)

DEPENDENCIES:
  - JGProgressHUD
  - Moya

SPEC REPOS:
  trunk:
    - Alamofire
    - JGProgressHUD
    - Moya

SPEC CHECKSUMS:
  Alamofire: e911732990610fe89af59ac0077f923d72dc3dfd
  JGProgressHUD: aa403e9a5b45cae98903c4600cccdd98c0c3ec90
  Moya: 5b45dacb75adb009f97fde91c204c1e565d31916

PODFILE CHECKSUM: d2a49a8fff7b9afbd292b0d46238fdd13ce9f59c

COCOAPODS: 1.8.4
